
Microsoft Visual Studio Solution File, Format Version 12.00
# Visual Studio Version 17
VisualStudioVersion = 17.8.34525.116
MinimumVisualStudioVersion = 10.0.40219.1
Project("{8BC9CEB8-8B4A-11D0-8D11-00A0C91BC942}") = "Spanning tree", "Spanning tree\Spanning tree.vcxproj", "{CB01E412-C027-48E5-B2EB-58EC50E7631E}"
EndProject
Project("{8BC9CEB8-8B4A-11D0-8D11-00A0C91BC942}") = "SpanningTreeTests", "SpanningTreeTests\SpanningTreeTests.vcxproj", "{E7553744-2FDC-4DF1-AB15-A603FBBCC896}"
EndProject
Global
	GlobalSection(SolutionConfigurationPlatforms) = preSolution
		Debug|x64 = Debug|x64
		Debug|x86 = Debug|x86
		Release|x64 = Release|x64
		Release|x86 = Release|x86
	EndGlobalSection
	GlobalSection(ProjectConfigurationPlatforms) = postSolution
		{CB01E412-C027-48E5-B2EB-58EC50E7631E}.Debug|x64.ActiveCfg = Debug|x64
		{CB01E412-C027-48E5-B2EB-58EC50E7631E}.Debug|x64.Build.0 = Debug|x64
		{CB01E412-C027-48E5-B2EB-58EC50E7631E}.Debug|x86.ActiveCfg = Debug|Win32
		{CB01E412-C027-48E5-B2EB-58EC50E7631E}.Debug|x86.Build.0 = Debug|Win32
		{CB01E412-C027-48E5-B2EB-58EC50E7631E}.Release|x64.ActiveCfg = Release|x64
		{CB01E412-C027-48E5-B2EB-58EC50E7631E}.Release|x64.Build.0 = Release|x64
		{CB01E412-C027-48E5-B2EB-58EC50E7631E}.Release|x86.ActiveCfg = Release|Win32
		{CB01E412-C027-48E5-B2EB-58EC50E7631E}.Release|x86.Build.0 = Release|Win32
		{E7553744-2FDC-4DF1-AB15-A603FBBCC896}.Debug|x64.ActiveCfg = Debug|x64
		{E7553744-2FDC-4DF1-AB15-A603FBBCC896}.Debug|x64.Build.0 = Debug|x64
		{E7553744-2FDC-4DF1-AB15-A603FBBCC896}.Debug|x86.ActiveCfg = Debug|Win32
		{E7553744-2FDC-4DF1-AB15-A603FBBCC896}.Debug|x86.Build.0 = Debug|Win32
		{E7553744-2FDC-4DF1-AB15-A603FBBCC896}.Release|x64.ActiveCfg = Release|x64
		{E7553744-2FDC-4DF1-AB15-A603FBBCC896}.Release|x64.Build.0 = Release|x64
		{E7553744-2FDC-4DF1-AB15-A603FBBCC896}.Release|x86.ActiveCfg = Release|Win32
		{E7553744-2FDC-4DF1-AB15-A603FBBCC896}.Release|x86.Build.0 = Release|Win32
	EndGlobalSection
	GlobalSection(SolutionProperties) = preSolution
		HideSolutionNode = FALSE
	EndGlobalSection
	GlobalSection(ExtensibilityGlobals) = postSolution
		SolutionGuid = {B82B8382-32BC-40D2-A02D-BAFB72BC66E9}
	EndGlobalSection
EndGlobal
