
Microsoft Visual Studio Solution File, Format Version 12.00
# Visual Studio Version 17
VisualStudioVersion = 17.8.34525.116
MinimumVisualStudioVersion = 10.0.40219.1
Project("{8BC9CEB8-8B4A-11D0-8D11-00A0C91BC942}") = "QuadraticAssignmentProblem", "QuadraticAssignmentProblem\QuadraticAssignmentProblem.vcxproj", "{55A7A99D-F1DE-46CC-86B8-B7335A8B764E}"
EndProject
Project("{8BC9CEB8-8B4A-11D0-8D11-00A0C91BC942}") = "QuadraticAssignmentsProblemTests", "QuadraticAssignmentsProblemTests\QuadraticAssignmentsProblemTests.vcxproj", "{F6C473A5-DC38-41D2-ABDC-F017BD44C5A7}"
EndProject
Global
	GlobalSection(SolutionConfigurationPlatforms) = preSolution
		Debug|x64 = Debug|x64
		Debug|x86 = Debug|x86
		Release|x64 = Release|x64
		Release|x86 = Release|x86
	EndGlobalSection
	GlobalSection(ProjectConfigurationPlatforms) = postSolution
		{55A7A99D-F1DE-46CC-86B8-B7335A8B764E}.Debug|x64.ActiveCfg = Debug|x64
		{55A7A99D-F1DE-46CC-86B8-B7335A8B764E}.Debug|x64.Build.0 = Debug|x64
		{55A7A99D-F1DE-46CC-86B8-B7335A8B764E}.Debug|x86.ActiveCfg = Debug|Win32
		{55A7A99D-F1DE-46CC-86B8-B7335A8B764E}.Debug|x86.Build.0 = Debug|Win32
		{55A7A99D-F1DE-46CC-86B8-B7335A8B764E}.Release|x64.ActiveCfg = Release|x64
		{55A7A99D-F1DE-46CC-86B8-B7335A8B764E}.Release|x64.Build.0 = Release|x64
		{55A7A99D-F1DE-46CC-86B8-B7335A8B764E}.Release|x86.ActiveCfg = Release|Win32
		{55A7A99D-F1DE-46CC-86B8-B7335A8B764E}.Release|x86.Build.0 = Release|Win32
		{F6C473A5-DC38-41D2-ABDC-F017BD44C5A7}.Debug|x64.ActiveCfg = Debug|x64
		{F6C473A5-DC38-41D2-ABDC-F017BD44C5A7}.Debug|x64.Build.0 = Debug|x64
		{F6C473A5-DC38-41D2-ABDC-F017BD44C5A7}.Debug|x86.ActiveCfg = Debug|Win32
		{F6C473A5-DC38-41D2-ABDC-F017BD44C5A7}.Debug|x86.Build.0 = Debug|Win32
		{F6C473A5-DC38-41D2-ABDC-F017BD44C5A7}.Release|x64.ActiveCfg = Release|x64
		{F6C473A5-DC38-41D2-ABDC-F017BD44C5A7}.Release|x64.Build.0 = Release|x64
		{F6C473A5-DC38-41D2-ABDC-F017BD44C5A7}.Release|x86.ActiveCfg = Release|Win32
		{F6C473A5-DC38-41D2-ABDC-F017BD44C5A7}.Release|x86.Build.0 = Release|Win32
	EndGlobalSection
	GlobalSection(SolutionProperties) = preSolution
		HideSolutionNode = FALSE
	EndGlobalSection
	GlobalSection(ExtensibilityGlobals) = postSolution
		SolutionGuid = {9FBC8C95-7EF6-48C0-8AA7-1F7FE692E888}
	EndGlobalSection
EndGlobal
