
Microsoft Visual Studio Solution File, Format Version 12.00
# Visual Studio Version 17
VisualStudioVersion = 17.8.34525.116
MinimumVisualStudioVersion = 10.0.40219.1
Project("{8BC9CEB8-8B4A-11D0-8D11-00A0C91BC942}") = "Backpack", "Backpack\Backpack.vcxproj", "{AAFD1DDB-C571-4079-818D-E0CEA391C099}"
EndProject
Project("{8BC9CEB8-8B4A-11D0-8D11-00A0C91BC942}") = "KnapsackTest", "KnapsackTest\KnapsackTest.vcxproj", "{D5917FD8-F086-42A1-8D2F-3DFC3202C975}"
EndProject
Global
	GlobalSection(SolutionConfigurationPlatforms) = preSolution
		Debug|x64 = Debug|x64
		Debug|x86 = Debug|x86
		Release|x64 = Release|x64
		Release|x86 = Release|x86
	EndGlobalSection
	GlobalSection(ProjectConfigurationPlatforms) = postSolution
		{AAFD1DDB-C571-4079-818D-E0CEA391C099}.Debug|x64.ActiveCfg = Debug|x64
		{AAFD1DDB-C571-4079-818D-E0CEA391C099}.Debug|x64.Build.0 = Debug|x64
		{AAFD1DDB-C571-4079-818D-E0CEA391C099}.Debug|x86.ActiveCfg = Debug|Win32
		{AAFD1DDB-C571-4079-818D-E0CEA391C099}.Debug|x86.Build.0 = Debug|Win32
		{AAFD1DDB-C571-4079-818D-E0CEA391C099}.Release|x64.ActiveCfg = Release|x64
		{AAFD1DDB-C571-4079-818D-E0CEA391C099}.Release|x64.Build.0 = Release|x64
		{AAFD1DDB-C571-4079-818D-E0CEA391C099}.Release|x86.ActiveCfg = Release|Win32
		{AAFD1DDB-C571-4079-818D-E0CEA391C099}.Release|x86.Build.0 = Release|Win32
		{D5917FD8-F086-42A1-8D2F-3DFC3202C975}.Debug|x64.ActiveCfg = Debug|x64
		{D5917FD8-F086-42A1-8D2F-3DFC3202C975}.Debug|x64.Build.0 = Debug|x64
		{D5917FD8-F086-42A1-8D2F-3DFC3202C975}.Debug|x86.ActiveCfg = Debug|Win32
		{D5917FD8-F086-42A1-8D2F-3DFC3202C975}.Debug|x86.Build.0 = Debug|Win32
		{D5917FD8-F086-42A1-8D2F-3DFC3202C975}.Release|x64.ActiveCfg = Release|x64
		{D5917FD8-F086-42A1-8D2F-3DFC3202C975}.Release|x64.Build.0 = Release|x64
		{D5917FD8-F086-42A1-8D2F-3DFC3202C975}.Release|x86.ActiveCfg = Release|Win32
		{D5917FD8-F086-42A1-8D2F-3DFC3202C975}.Release|x86.Build.0 = Release|Win32
	EndGlobalSection
	GlobalSection(SolutionProperties) = preSolution
		HideSolutionNode = FALSE
	EndGlobalSection
	GlobalSection(ExtensibilityGlobals) = postSolution
		SolutionGuid = {3667AEAA-F0DB-44B0-96FC-5C1EBC24872A}
	EndGlobalSection
EndGlobal
